// !$*UTF8*$!
{
	archiveVersion = 1;
	classes = {
	};
	objectVersion = 48;
	objects = {

/* Begin PBXBuildFile section */
		744215F42137B2F60037AA19 /* TestHeaderView.m in Sources */ = {isa = PBXBuildFile; fileRef = 744215F32137B2F60037AA19 /* TestHeaderView.m */; };
		744215F62137B30F0037AA19 /* TestHeaderView.xib in Resources */ = {isa = PBXBuildFile; fileRef = 744215F52137B30F0037AA19 /* TestHeaderView.xib */; };
		74486AAB2134516D002105BA /* NSObject+Property.m in Sources */ = {isa = PBXBuildFile; fileRef = 74486AAA2134516C002105BA /* NSObject+Property.m */; };
		74592F72212E631600690410 /* LICENSE in Resources */ = {isa = PBXBuildFile; fileRef = 74592F41212E631600690410 /* LICENSE */; };
		74592F73212E631600690410 /* UIScrollView+MJRefresh.m in Sources */ = {isa = PBXBuildFile; fileRef = 74592F43212E631600690410 /* UIScrollView+MJRefresh.m */; };
		74592F74212E631600690410 /* MJRefreshConst.m in Sources */ = {isa = PBXBuildFile; fileRef = 74592F44212E631600690410 /* MJRefreshConst.m */; };
		74592F75212E631600690410 /* MJRefresh.bundle in Resources */ = {isa = PBXBuildFile; fileRef = 74592F48212E631600690410 /* MJRefresh.bundle */; };
		74592F76212E631600690410 /* UIScrollView+MJExtension.m in Sources */ = {isa = PBXBuildFile; fileRef = 74592F4A212E631600690410 /* UIScrollView+MJExtension.m */; };
		74592F77212E631600690410 /* NSBundle+MJRefresh.m in Sources */ = {isa = PBXBuildFile; fileRef = 74592F4D212E631600690410 /* NSBundle+MJRefresh.m */; };
		74592F78212E631600690410 /* UIView+MJExtension.m in Sources */ = {isa = PBXBuildFile; fileRef = 74592F4E212E631600690410 /* UIView+MJExtension.m */; };
		74592F79212E631600690410 /* MJRefreshBackGifFooter.m in Sources */ = {isa = PBXBuildFile; fileRef = 74592F55212E631600690410 /* MJRefreshBackGifFooter.m */; };
		74592F7A212E631600690410 /* MJRefreshBackStateFooter.m in Sources */ = {isa = PBXBuildFile; fileRef = 74592F56212E631600690410 /* MJRefreshBackStateFooter.m */; };
		74592F7B212E631600690410 /* MJRefreshBackNormalFooter.m in Sources */ = {isa = PBXBuildFile; fileRef = 74592F57212E631600690410 /* MJRefreshBackNormalFooter.m */; };
		74592F7C212E631600690410 /* MJRefreshAutoStateFooter.m in Sources */ = {isa = PBXBuildFile; fileRef = 74592F5C212E631600690410 /* MJRefreshAutoStateFooter.m */; };
		74592F7D212E631600690410 /* MJRefreshAutoGifFooter.m in Sources */ = {isa = PBXBuildFile; fileRef = 74592F5D212E631600690410 /* MJRefreshAutoGifFooter.m */; };
		74592F7E212E631600690410 /* MJRefreshAutoNormalFooter.m in Sources */ = {isa = PBXBuildFile; fileRef = 74592F5E212E631600690410 /* MJRefreshAutoNormalFooter.m */; };
		74592F7F212E631600690410 /* MJRefreshNormalHeader.m in Sources */ = {isa = PBXBuildFile; fileRef = 74592F60212E631600690410 /* MJRefreshNormalHeader.m */; };
		74592F80212E631600690410 /* MJRefreshStateHeader.m in Sources */ = {isa = PBXBuildFile; fileRef = 74592F64212E631600690410 /* MJRefreshStateHeader.m */; };
		74592F81212E631600690410 /* MJRefreshGifHeader.m in Sources */ = {isa = PBXBuildFile; fileRef = 74592F65212E631600690410 /* MJRefreshGifHeader.m */; };
		74592F82212E631600690410 /* MJRefreshFooter.m in Sources */ = {isa = PBXBuildFile; fileRef = 74592F67212E631600690410 /* MJRefreshFooter.m */; };
		74592F83212E631600690410 /* MJRefreshHeader.m in Sources */ = {isa = PBXBuildFile; fileRef = 74592F69212E631600690410 /* MJRefreshHeader.m */; };
		74592F84212E631600690410 /* MJRefreshBackFooter.m in Sources */ = {isa = PBXBuildFile; fileRef = 74592F6B212E631600690410 /* MJRefreshBackFooter.m */; };
		74592F85212E631600690410 /* MJRefreshAutoFooter.m in Sources */ = {isa = PBXBuildFile; fileRef = 74592F6C212E631600690410 /* MJRefreshAutoFooter.m */; };
		74592F86212E631600690410 /* MJRefreshComponent.m in Sources */ = {isa = PBXBuildFile; fileRef = 74592F6E212E631600690410 /* MJRefreshComponent.m */; };
		74592F87212E631600690410 /* README.md in Resources */ = {isa = PBXBuildFile; fileRef = 74592F71212E631600690410 /* README.md */; };
		74592F8A212EB25200690410 /* NSObject+ZXKVO.m in Sources */ = {isa = PBXBuildFile; fileRef = 74592F89212EB25200690410 /* NSObject+ZXKVO.m */; };
		74592F90213001BF00690410 /* UIView+GetCurrentVC.m in Sources */ = {isa = PBXBuildFile; fileRef = 74592F8F213001BF00690410 /* UIView+GetCurrentVC.m */; };
		748CCFCE22164FC5003418B9 /* ZXBaseGlobalData.m in Sources */ = {isa = PBXBuildFile; fileRef = 748CCFCD22164FC5003418B9 /* ZXBaseGlobalData.m */; };
		748CCFD2221652EF003418B9 /* JPFPSStatus.m in Sources */ = {isa = PBXBuildFile; fileRef = 748CCFD1221652EF003418B9 /* JPFPSStatus.m */; };
		74C3284F213271A100580CD0 /* UIView+Toast.m in Sources */ = {isa = PBXBuildFile; fileRef = 74C3284E213271A100580CD0 /* UIView+Toast.m */; };
		74EFD228212D394B00D689B2 /* ZXBaseCell.m in Sources */ = {isa = PBXBuildFile; fileRef = 74EFD223212D394B00D689B2 /* ZXBaseCell.m */; };
		74F9B637212A77B5007D3BBA /* AppDelegate.m in Sources */ = {isa = PBXBuildFile; fileRef = 74F9B636212A77B5007D3BBA /* AppDelegate.m */; };
		74F9B63A212A77B5007D3BBA /* ViewController.m in Sources */ = {isa = PBXBuildFile; fileRef = 74F9B639212A77B5007D3BBA /* ViewController.m */; };
		74F9B63D212A77B5007D3BBA /* Main.storyboard in Resources */ = {isa = PBXBuildFile; fileRef = 74F9B63B212A77B5007D3BBA /* Main.storyboard */; };
		74F9B63F212A77B5007D3BBA /* Assets.xcassets in Resources */ = {isa = PBXBuildFile; fileRef = 74F9B63E212A77B5007D3BBA /* Assets.xcassets */; };
		74F9B642212A77B5007D3BBA /* LaunchScreen.storyboard in Resources */ = {isa = PBXBuildFile; fileRef = 74F9B640212A77B5007D3BBA /* LaunchScreen.storyboard */; };
		74F9B645212A77B5007D3BBA /* main.m in Sources */ = {isa = PBXBuildFile; fileRef = 74F9B644212A77B5007D3BBA /* main.m */; };
		74F9B64F212A77B6007D3BBA /* ZXBaseTableViewDemoTests.m in Sources */ = {isa = PBXBuildFile; fileRef = 74F9B64E212A77B6007D3BBA /* ZXBaseTableViewDemoTests.m */; };
		74F9B65A212A77B7007D3BBA /* ZXBaseTableViewDemoUITests.m in Sources */ = {isa = PBXBuildFile; fileRef = 74F9B659212A77B7007D3BBA /* ZXBaseTableViewDemoUITests.m */; };
		74F9B66B212A8167007D3BBA /* ZXBaseTableView.m in Sources */ = {isa = PBXBuildFile; fileRef = 74F9B66A212A8167007D3BBA /* ZXBaseTableView.m */; };
		74F9B671212A8FBF007D3BBA /* UIViewController+TableView.m in Sources */ = {isa = PBXBuildFile; fileRef = 74F9B670212A8FBF007D3BBA /* UIViewController+TableView.m */; };
		74F9B678212AF4DE007D3BBA /* XibTestCell.m in Sources */ = {isa = PBXBuildFile; fileRef = 74F9B676212AF4DE007D3BBA /* XibTestCell.m */; };
		74F9B679212AF4DE007D3BBA /* XibTestCell.xib in Resources */ = {isa = PBXBuildFile; fileRef = 74F9B677212AF4DE007D3BBA /* XibTestCell.xib */; };
		74F9B67C212AF64C007D3BBA /* CustomTestCell.m in Sources */ = {isa = PBXBuildFile; fileRef = 74F9B67B212AF64C007D3BBA /* CustomTestCell.m */; };
		74F9B67F212AFAC0007D3BBA /* TestModel.m in Sources */ = {isa = PBXBuildFile; fileRef = 74F9B67E212AFAC0007D3BBA /* TestModel.m */; };
		74F9B685212B1978007D3BBA /* NSObject+SafeSetValue.m in Sources */ = {isa = PBXBuildFile; fileRef = 74F9B684212B1978007D3BBA /* NSObject+SafeSetValue.m */; };
/* End PBXBuildFile section */

/* Begin PBXContainerItemProxy section */
		74F9B64B212A77B6007D3BBA /* PBXContainerItemProxy */ = {
			isa = PBXContainerItemProxy;
			containerPortal = 74F9B62A212A77B5007D3BBA /* Project object */;
			proxyType = 1;
			remoteGlobalIDString = 74F9B631212A77B5007D3BBA;
			remoteInfo = ZXBaseTableViewDemo;
		};
		74F9B656212A77B7007D3BBA /* PBXContainerItemProxy */ = {
			isa = PBXContainerItemProxy;
			containerPortal = 74F9B62A212A77B5007D3BBA /* Project object */;
			proxyType = 1;
			remoteGlobalIDString = 74F9B631212A77B5007D3BBA;
			remoteInfo = ZXBaseTableViewDemo;
		};
/* End PBXContainerItemProxy section */

/* Begin PBXFileReference section */
		744215F22137B2F60037AA19 /* TestHeaderView.h */ = {isa = PBXFileReference; lastKnownFileType = sourcecode.c.h; path = TestHeaderView.h; sourceTree = "<group>"; };
		744215F32137B2F60037AA19 /* TestHeaderView.m */ = {isa = PBXFileReference; lastKnownFileType = sourcecode.c.objc; path = TestHeaderView.m; sourceTree = "<group>"; };
		744215F52137B30F0037AA19 /* TestHeaderView.xib */ = {isa = PBXFileReference; lastKnownFileType = file.xib; path = TestHeaderView.xib; sourceTree = "<group>"; };
		74486AA92134516C002105BA /* NSObject+Property.h */ = {isa = PBXFileReference; lastKnownFileType = sourcecode.c.h; path = "NSObject+Property.h"; sourceTree = "<group>"; };
		74486AAA2134516C002105BA /* NSObject+Property.m */ = {isa = PBXFileReference; lastKnownFileType = sourcecode.c.objc; path = "NSObject+Property.m"; sourceTree = "<group>"; };
		74592F41212E631600690410 /* LICENSE */ = {isa = PBXFileReference; fileEncoding = 4; lastKnownFileType = text; path = LICENSE; sourceTree = "<group>"; };
		74592F43212E631600690410 /* UIScrollView+MJRefresh.m */ = {isa = PBXFileReference; fileEncoding = 4; lastKnownFileType = sourcecode.c.objc; path = "UIScrollView+MJRefresh.m"; sourceTree = "<group>"; };
		74592F44212E631600690410 /* MJRefreshConst.m */ = {isa = PBXFileReference; fileEncoding = 4; lastKnownFileType = sourcecode.c.objc; path = MJRefreshConst.m; sourceTree = "<group>"; };
		74592F45212E631600690410 /* UIScrollView+MJExtension.h */ = {isa = PBXFileReference; fileEncoding = 4; lastKnownFileType = sourcecode.c.h; path = "UIScrollView+MJExtension.h"; sourceTree = "<group>"; };
		74592F46212E631600690410 /* MJRefresh.h */ = {isa = PBXFileReference; fileEncoding = 4; lastKnownFileType = sourcecode.c.h; path = MJRefresh.h; sourceTree = "<group>"; };
		74592F47212E631600690410 /* NSBundle+MJRefresh.h */ = {isa = PBXFileReference; fileEncoding = 4; lastKnownFileType = sourcecode.c.h; path = "NSBundle+MJRefresh.h"; sourceTree = "<group>"; };
		74592F48212E631600690410 /* MJRefresh.bundle */ = {isa = PBXFileReference; lastKnownFileType = "wrapper.plug-in"; path = MJRefresh.bundle; sourceTree = "<group>"; };
		74592F49212E631600690410 /* UIView+MJExtension.h */ = {isa = PBXFileReference; fileEncoding = 4; lastKnownFileType = sourcecode.c.h; path = "UIView+MJExtension.h"; sourceTree = "<group>"; };
		74592F4A212E631600690410 /* UIScrollView+MJExtension.m */ = {isa = PBXFileReference; fileEncoding = 4; lastKnownFileType = sourcecode.c.objc; path = "UIScrollView+MJExtension.m"; sourceTree = "<group>"; };
		74592F4B212E631600690410 /* MJRefreshConst.h */ = {isa = PBXFileReference; fileEncoding = 4; lastKnownFileType = sourcecode.c.h; path = MJRefreshConst.h; sourceTree = "<group>"; };
		74592F4C212E631600690410 /* UIScrollView+MJRefresh.h */ = {isa = PBXFileReference; fileEncoding = 4; lastKnownFileType = sourcecode.c.h; path = "UIScrollView+MJRefresh.h"; sourceTree = "<group>"; };
		74592F4D212E631600690410 /* NSBundle+MJRefresh.m */ = {isa = PBXFileReference; fileEncoding = 4; lastKnownFileType = sourcecode.c.objc; path = "NSBundle+MJRefresh.m"; sourceTree = "<group>"; };
		74592F4E212E631600690410 /* UIView+MJExtension.m */ = {isa = PBXFileReference; fileEncoding = 4; lastKnownFileType = sourcecode.c.objc; path = "UIView+MJExtension.m"; sourceTree = "<group>"; };
		74592F52212E631600690410 /* MJRefreshBackGifFooter.h */ = {isa = PBXFileReference; fileEncoding = 4; lastKnownFileType = sourcecode.c.h; path = MJRefreshBackGifFooter.h; sourceTree = "<group>"; };
		74592F53212E631600690410 /* MJRefreshBackStateFooter.h */ = {isa = PBXFileReference; fileEncoding = 4; lastKnownFileType = sourcecode.c.h; path = MJRefreshBackStateFooter.h; sourceTree = "<group>"; };
		74592F54212E631600690410 /* MJRefreshBackNormalFooter.h */ = {isa = PBXFileReference; fileEncoding = 4; lastKnownFileType = sourcecode.c.h; path = MJRefreshBackNormalFooter.h; sourceTree = "<group>"; };
		74592F55212E631600690410 /* MJRefreshBackGifFooter.m */ = {isa = PBXFileReference; fileEncoding = 4; lastKnownFileType = sourcecode.c.objc; path = MJRefreshBackGifFooter.m; sourceTree = "<group>"; };
		74592F56212E631600690410 /* MJRefreshBackStateFooter.m */ = {isa = PBXFileReference; fileEncoding = 4; lastKnownFileType = sourcecode.c.objc; path = MJRefreshBackStateFooter.m; sourceTree = "<group>"; };
		74592F57212E631600690410 /* MJRefreshBackNormalFooter.m */ = {isa = PBXFileReference; fileEncoding = 4; lastKnownFileType = sourcecode.c.objc; path = MJRefreshBackNormalFooter.m; sourceTree = "<group>"; };
		74592F59212E631600690410 /* MJRefreshAutoStateFooter.h */ = {isa = PBXFileReference; fileEncoding = 4; lastKnownFileType = sourcecode.c.h; path = MJRefreshAutoStateFooter.h; sourceTree = "<group>"; };
		74592F5A212E631600690410 /* MJRefreshAutoNormalFooter.h */ = {isa = PBXFileReference; fileEncoding = 4; lastKnownFileType = sourcecode.c.h; path = MJRefreshAutoNormalFooter.h; sourceTree = "<group>"; };
		74592F5B212E631600690410 /* MJRefreshAutoGifFooter.h */ = {isa = PBXFileReference; fileEncoding = 4; lastKnownFileType = sourcecode.c.h; path = MJRefreshAutoGifFooter.h; sourceTree = "<group>"; };
		74592F5C212E631600690410 /* MJRefreshAutoStateFooter.m */ = {isa = PBXFileReference; fileEncoding = 4; lastKnownFileType = sourcecode.c.objc; path = MJRefreshAutoStateFooter.m; sourceTree = "<group>"; };
		74592F5D212E631600690410 /* MJRefreshAutoGifFooter.m */ = {isa = PBXFileReference; fileEncoding = 4; lastKnownFileType = sourcecode.c.objc; path = MJRefreshAutoGifFooter.m; sourceTree = "<group>"; };
		74592F5E212E631600690410 /* MJRefreshAutoNormalFooter.m */ = {isa = PBXFileReference; fileEncoding = 4; lastKnownFileType = sourcecode.c.objc; path = MJRefreshAutoNormalFooter.m; sourceTree = "<group>"; };
		74592F60212E631600690410 /* MJRefreshNormalHeader.m */ = {isa = PBXFileReference; fileEncoding = 4; lastKnownFileType = sourcecode.c.objc; path = MJRefreshNormalHeader.m; sourceTree = "<group>"; };
		74592F61212E631600690410 /* MJRefreshStateHeader.h */ = {isa = PBXFileReference; fileEncoding = 4; lastKnownFileType = sourcecode.c.h; path = MJRefreshStateHeader.h; sourceTree = "<group>"; };
		74592F62212E631600690410 /* MJRefreshGifHeader.h */ = {isa = PBXFileReference; fileEncoding = 4; lastKnownFileType = sourcecode.c.h; path = MJRefreshGifHeader.h; sourceTree = "<group>"; };
		74592F63212E631600690410 /* MJRefreshNormalHeader.h */ = {isa = PBXFileReference; fileEncoding = 4; lastKnownFileType = sourcecode.c.h; path = MJRefreshNormalHeader.h; sourceTree = "<group>"; };
		74592F64212E631600690410 /* MJRefreshStateHeader.m */ = {isa = PBXFileReference; fileEncoding = 4; lastKnownFileType = sourcecode.c.objc; path = MJRefreshStateHeader.m; sourceTree = "<group>"; };
		74592F65212E631600690410 /* MJRefreshGifHeader.m */ = {isa = PBXFileReference; fileEncoding = 4; lastKnownFileType = sourcecode.c.objc; path = MJRefreshGifHeader.m; sourceTree = "<group>"; };
		74592F67212E631600690410 /* MJRefreshFooter.m */ = {isa = PBXFileReference; fileEncoding = 4; lastKnownFileType = sourcecode.c.objc; path = MJRefreshFooter.m; sourceTree = "<group>"; };
		74592F68212E631600690410 /* MJRefreshComponent.h */ = {isa = PBXFileReference; fileEncoding = 4; lastKnownFileType = sourcecode.c.h; path = MJRefreshComponent.h; sourceTree = "<group>"; };
		74592F69212E631600690410 /* MJRefreshHeader.m */ = {isa = PBXFileReference; fileEncoding = 4; lastKnownFileType = sourcecode.c.objc; path = MJRefreshHeader.m; sourceTree = "<group>"; };
		74592F6A212E631600690410 /* MJRefreshAutoFooter.h */ = {isa = PBXFileReference; fileEncoding = 4; lastKnownFileType = sourcecode.c.h; path = MJRefreshAutoFooter.h; sourceTree = "<group>"; };
		74592F6B212E631600690410 /* MJRefreshBackFooter.m */ = {isa = PBXFileReference; fileEncoding = 4; lastKnownFileType = sourcecode.c.objc; path = MJRefreshBackFooter.m; sourceTree = "<group>"; };
		74592F6C212E631600690410 /* MJRefreshAutoFooter.m */ = {isa = PBXFileReference; fileEncoding = 4; lastKnownFileType = sourcecode.c.objc; path = MJRefreshAutoFooter.m; sourceTree = "<group>"; };
		74592F6D212E631600690410 /* MJRefreshHeader.h */ = {isa = PBXFileReference; fileEncoding = 4; lastKnownFileType = sourcecode.c.h; path = MJRefreshHeader.h; sourceTree = "<group>"; };
		74592F6E212E631600690410 /* MJRefreshComponent.m */ = {isa = PBXFileReference; fileEncoding = 4; lastKnownFileType = sourcecode.c.objc; path = MJRefreshComponent.m; sourceTree = "<group>"; };
		74592F6F212E631600690410 /* MJRefreshFooter.h */ = {isa = PBXFileReference; fileEncoding = 4; lastKnownFileType = sourcecode.c.h; path = MJRefreshFooter.h; sourceTree = "<group>"; };
		74592F70212E631600690410 /* MJRefreshBackFooter.h */ = {isa = PBXFileReference; fileEncoding = 4; lastKnownFileType = sourcecode.c.h; path = MJRefreshBackFooter.h; sourceTree = "<group>"; };
		74592F71212E631600690410 /* README.md */ = {isa = PBXFileReference; fileEncoding = 4; lastKnownFileType = net.daringfireball.markdown; path = README.md; sourceTree = "<group>"; };
		74592F88212EB25100690410 /* NSObject+ZXKVO.h */ = {isa = PBXFileReference; fileEncoding = 4; lastKnownFileType = sourcecode.c.h; path = "NSObject+ZXKVO.h"; sourceTree = "<group>"; };
		74592F89212EB25200690410 /* NSObject+ZXKVO.m */ = {isa = PBXFileReference; fileEncoding = 4; lastKnownFileType = sourcecode.c.objc; path = "NSObject+ZXKVO.m"; sourceTree = "<group>"; };
		74592F8E213001BF00690410 /* UIView+GetCurrentVC.h */ = {isa = PBXFileReference; lastKnownFileType = sourcecode.c.h; path = "UIView+GetCurrentVC.h"; sourceTree = "<group>"; };
		74592F8F213001BF00690410 /* UIView+GetCurrentVC.m */ = {isa = PBXFileReference; lastKnownFileType = sourcecode.c.objc; path = "UIView+GetCurrentVC.m"; sourceTree = "<group>"; };
		748CCFCC22164FC5003418B9 /* ZXBaseGlobalData.h */ = {isa = PBXFileReference; lastKnownFileType = sourcecode.c.h; path = ZXBaseGlobalData.h; sourceTree = "<group>"; };
		748CCFCD22164FC5003418B9 /* ZXBaseGlobalData.m */ = {isa = PBXFileReference; lastKnownFileType = sourcecode.c.objc; path = ZXBaseGlobalData.m; sourceTree = "<group>"; };
		748CCFD0221652EF003418B9 /* JPFPSStatus.h */ = {isa = PBXFileReference; fileEncoding = 4; lastKnownFileType = sourcecode.c.h; path = JPFPSStatus.h; sourceTree = "<group>"; };
		748CCFD1221652EF003418B9 /* JPFPSStatus.m */ = {isa = PBXFileReference; fileEncoding = 4; lastKnownFileType = sourcecode.c.objc; path = JPFPSStatus.m; sourceTree = "<group>"; };
		74C3284D213271A100580CD0 /* UIView+Toast.h */ = {isa = PBXFileReference; fileEncoding = 4; lastKnownFileType = sourcecode.c.h; path = "UIView+Toast.h"; sourceTree = "<group>"; };
		74C3284E213271A100580CD0 /* UIView+Toast.m */ = {isa = PBXFileReference; fileEncoding = 4; lastKnownFileType = sourcecode.c.objc; path = "UIView+Toast.m"; sourceTree = "<group>"; };
		74EFD223212D394B00D689B2 /* ZXBaseCell.m */ = {isa = PBXFileReference; fileEncoding = 4; lastKnownFileType = sourcecode.c.objc; path = ZXBaseCell.m; sourceTree = "<group>"; };
		74EFD225212D394B00D689B2 /* ZXBaseCell.h */ = {isa = PBXFileReference; fileEncoding = 4; lastKnownFileType = sourcecode.c.h; path = ZXBaseCell.h; sourceTree = "<group>"; };
		74EFD226212D394B00D689B2 /* ZXBaseTableViewPrefixHeader.pch */ = {isa = PBXFileReference; fileEncoding = 4; lastKnownFileType = sourcecode.c.h; path = ZXBaseTableViewPrefixHeader.pch; sourceTree = "<group>"; };
		74EFD229212D396E00D689B2 /* PrefixHeader.pch */ = {isa = PBXFileReference; fileEncoding = 4; lastKnownFileType = sourcecode.c.h; name = PrefixHeader.pch; path = ZXBaseTableViewDemo/PrefixHeader.pch; sourceTree = SOURCE_ROOT; };
		74F9B632212A77B5007D3BBA /* ZXBaseTableViewDemo.app */ = {isa = PBXFileReference; explicitFileType = wrapper.application; includeInIndex = 0; path = ZXBaseTableViewDemo.app; sourceTree = BUILT_PRODUCTS_DIR; };
		74F9B635212A77B5007D3BBA /* AppDelegate.h */ = {isa = PBXFileReference; lastKnownFileType = sourcecode.c.h; path = AppDelegate.h; sourceTree = "<group>"; };
		74F9B636212A77B5007D3BBA /* AppDelegate.m */ = {isa = PBXFileReference; lastKnownFileType = sourcecode.c.objc; path = AppDelegate.m; sourceTree = "<group>"; };
		74F9B638212A77B5007D3BBA /* ViewController.h */ = {isa = PBXFileReference; lastKnownFileType = sourcecode.c.h; path = ViewController.h; sourceTree = "<group>"; };
		74F9B639212A77B5007D3BBA /* ViewController.m */ = {isa = PBXFileReference; lastKnownFileType = sourcecode.c.objc; path = ViewController.m; sourceTree = "<group>"; };
		74F9B63C212A77B5007D3BBA /* Base */ = {isa = PBXFileReference; lastKnownFileType = file.storyboard; name = Base; path = Base.lproj/Main.storyboard; sourceTree = "<group>"; };
		74F9B63E212A77B5007D3BBA /* Assets.xcassets */ = {isa = PBXFileReference; lastKnownFileType = folder.assetcatalog; path = Assets.xcassets; sourceTree = "<group>"; };
		74F9B641212A77B5007D3BBA /* Base */ = {isa = PBXFileReference; lastKnownFileType = file.storyboard; name = Base; path = Base.lproj/LaunchScreen.storyboard; sourceTree = "<group>"; };
		74F9B643212A77B5007D3BBA /* Info.plist */ = {isa = PBXFileReference; lastKnownFileType = text.plist.xml; path = Info.plist; sourceTree = "<group>"; };
		74F9B644212A77B5007D3BBA /* main.m */ = {isa = PBXFileReference; lastKnownFileType = sourcecode.c.objc; path = main.m; sourceTree = "<group>"; };
		74F9B64A212A77B6007D3BBA /* ZXBaseTableViewDemoTests.xctest */ = {isa = PBXFileReference; explicitFileType = wrapper.cfbundle; includeInIndex = 0; path = ZXBaseTableViewDemoTests.xctest; sourceTree = BUILT_PRODUCTS_DIR; };
		74F9B64E212A77B6007D3BBA /* ZXBaseTableViewDemoTests.m */ = {isa = PBXFileReference; lastKnownFileType = sourcecode.c.objc; path = ZXBaseTableViewDemoTests.m; sourceTree = "<group>"; };
		74F9B650212A77B6007D3BBA /* Info.plist */ = {isa = PBXFileReference; lastKnownFileType = text.plist.xml; path = Info.plist; sourceTree = "<group>"; };
		74F9B655212A77B6007D3BBA /* ZXBaseTableViewDemoUITests.xctest */ = {isa = PBXFileReference; explicitFileType = wrapper.cfbundle; includeInIndex = 0; path = ZXBaseTableViewDemoUITests.xctest; sourceTree = BUILT_PRODUCTS_DIR; };
		74F9B659212A77B7007D3BBA /* ZXBaseTableViewDemoUITests.m */ = {isa = PBXFileReference; lastKnownFileType = sourcecode.c.objc; path = ZXBaseTableViewDemoUITests.m; sourceTree = "<group>"; };
		74F9B65B212A77B7007D3BBA /* Info.plist */ = {isa = PBXFileReference; lastKnownFileType = text.plist.xml; path = Info.plist; sourceTree = "<group>"; };
		74F9B669212A8167007D3BBA /* ZXBaseTableView.h */ = {isa = PBXFileReference; lastKnownFileType = sourcecode.c.h; path = ZXBaseTableView.h; sourceTree = "<group>"; };
		74F9B66A212A8167007D3BBA /* ZXBaseTableView.m */ = {isa = PBXFileReference; lastKnownFileType = sourcecode.c.objc; path = ZXBaseTableView.m; sourceTree = "<group>"; };
		74F9B66F212A8FBF007D3BBA /* UIViewController+TableView.h */ = {isa = PBXFileReference; lastKnownFileType = sourcecode.c.h; path = "UIViewController+TableView.h"; sourceTree = "<group>"; };
		74F9B670212A8FBF007D3BBA /* UIViewController+TableView.m */ = {isa = PBXFileReference; lastKnownFileType = sourcecode.c.objc; path = "UIViewController+TableView.m"; sourceTree = "<group>"; };
		74F9B675212AF4DE007D3BBA /* XibTestCell.h */ = {isa = PBXFileReference; lastKnownFileType = sourcecode.c.h; path = XibTestCell.h; sourceTree = "<group>"; };
		74F9B676212AF4DE007D3BBA /* XibTestCell.m */ = {isa = PBXFileReference; lastKnownFileType = sourcecode.c.objc; path = XibTestCell.m; sourceTree = "<group>"; };
		74F9B677212AF4DE007D3BBA /* XibTestCell.xib */ = {isa = PBXFileReference; lastKnownFileType = file.xib; path = XibTestCell.xib; sourceTree = "<group>"; };
		74F9B67A212AF64C007D3BBA /* CustomTestCell.h */ = {isa = PBXFileReference; lastKnownFileType = sourcecode.c.h; path = CustomTestCell.h; sourceTree = "<group>"; };
		74F9B67B212AF64C007D3BBA /* CustomTestCell.m */ = {isa = PBXFileReference; lastKnownFileType = sourcecode.c.objc; path = CustomTestCell.m; sourceTree = "<group>"; };
		74F9B67D212AFAC0007D3BBA /* TestModel.h */ = {isa = PBXFileReference; lastKnownFileType = sourcecode.c.h; path = TestModel.h; sourceTree = "<group>"; };
		74F9B67E212AFAC0007D3BBA /* TestModel.m */ = {isa = PBXFileReference; lastKnownFileType = sourcecode.c.objc; path = TestModel.m; sourceTree = "<group>"; };
		74F9B683212B1978007D3BBA /* NSObject+SafeSetValue.h */ = {isa = PBXFileReference; lastKnownFileType = sourcecode.c.h; path = "NSObject+SafeSetValue.h"; sourceTree = "<group>"; };
		74F9B684212B1978007D3BBA /* NSObject+SafeSetValue.m */ = {isa = PBXFileReference; lastKnownFileType = sourcecode.c.objc; path = "NSObject+SafeSetValue.m"; sourceTree = "<group>"; };
		74F9B686212B27B5007D3BBA /* ZXBaseTableViewConfig.h */ = {isa = PBXFileReference; lastKnownFileType = sourcecode.c.h; path = ZXBaseTableViewConfig.h; sourceTree = "<group>"; };
/* End PBXFileReference section */

/* Begin PBXFrameworksBuildPhase section */
		74F9B62F212A77B5007D3BBA /* Frameworks */ = {
			isa = PBXFrameworksBuildPhase;
			buildActionMask = 2147483647;
			files = (
			);
			runOnlyForDeploymentPostprocessing = 0;
		};
		74F9B647212A77B6007D3BBA /* Frameworks */ = {
			isa = PBXFrameworksBuildPhase;
			buildActionMask = 2147483647;
			files = (
			);
			runOnlyForDeploymentPostprocessing = 0;
		};
		74F9B652212A77B6007D3BBA /* Frameworks */ = {
			isa = PBXFrameworksBuildPhase;
			buildActionMask = 2147483647;
			files = (
			);
			runOnlyForDeploymentPostprocessing = 0;
		};
/* End PBXFrameworksBuildPhase section */

/* Begin PBXGroup section */
		74592F40212E631600690410 /* MJRefresh */ = {
			isa = PBXGroup;
			children = (
				74592F41212E631600690410 /* LICENSE */,
				74592F42212E631600690410 /* MJRefresh */,
				74592F71212E631600690410 /* README.md */,
			);
			path = MJRefresh;
			sourceTree = "<group>";
		};
		74592F42212E631600690410 /* MJRefresh */ = {
			isa = PBXGroup;
			children = (
				74592F43212E631600690410 /* UIScrollView+MJRefresh.m */,
				74592F44212E631600690410 /* MJRefreshConst.m */,
				74592F45212E631600690410 /* UIScrollView+MJExtension.h */,
				74592F46212E631600690410 /* MJRefresh.h */,
				74592F47212E631600690410 /* NSBundle+MJRefresh.h */,
				74592F48212E631600690410 /* MJRefresh.bundle */,
				74592F49212E631600690410 /* UIView+MJExtension.h */,
				74592F4A212E631600690410 /* UIScrollView+MJExtension.m */,
				74592F4B212E631600690410 /* MJRefreshConst.h */,
				74592F4C212E631600690410 /* UIScrollView+MJRefresh.h */,
				74592F4D212E631600690410 /* NSBundle+MJRefresh.m */,
				74592F4E212E631600690410 /* UIView+MJExtension.m */,
				74592F4F212E631600690410 /* Custom */,
				74592F66212E631600690410 /* Base */,
			);
			path = MJRefresh;
			sourceTree = "<group>";
		};
		74592F4F212E631600690410 /* Custom */ = {
			isa = PBXGroup;
			children = (
				74592F50212E631600690410 /* Footer */,
				74592F5F212E631600690410 /* Header */,
			);
			path = Custom;
			sourceTree = "<group>";
		};
		74592F50212E631600690410 /* Footer */ = {
			isa = PBXGroup;
			children = (
				74592F51212E631600690410 /* Back */,
				74592F58212E631600690410 /* Auto */,
			);
			path = Footer;
			sourceTree = "<group>";
		};
		74592F51212E631600690410 /* Back */ = {
			isa = PBXGroup;
			children = (
				74592F52212E631600690410 /* MJRefreshBackGifFooter.h */,
				74592F53212E631600690410 /* MJRefreshBackStateFooter.h */,
				74592F54212E631600690410 /* MJRefreshBackNormalFooter.h */,
				74592F55212E631600690410 /* MJRefreshBackGifFooter.m */,
				74592F56212E631600690410 /* MJRefreshBackStateFooter.m */,
				74592F57212E631600690410 /* MJRefreshBackNormalFooter.m */,
			);
			path = Back;
			sourceTree = "<group>";
		};
		74592F58212E631600690410 /* Auto */ = {
			isa = PBXGroup;
			children = (
				74592F59212E631600690410 /* MJRefreshAutoStateFooter.h */,
				74592F5A212E631600690410 /* MJRefreshAutoNormalFooter.h */,
				74592F5B212E631600690410 /* MJRefreshAutoGifFooter.h */,
				74592F5C212E631600690410 /* MJRefreshAutoStateFooter.m */,
				74592F5D212E631600690410 /* MJRefreshAutoGifFooter.m */,
				74592F5E212E631600690410 /* MJRefreshAutoNormalFooter.m */,
			);
			path = Auto;
			sourceTree = "<group>";
		};
		74592F5F212E631600690410 /* Header */ = {
			isa = PBXGroup;
			children = (
				74592F60212E631600690410 /* MJRefreshNormalHeader.m */,
				74592F61212E631600690410 /* MJRefreshStateHeader.h */,
				74592F62212E631600690410 /* MJRefreshGifHeader.h */,
				74592F63212E631600690410 /* MJRefreshNormalHeader.h */,
				74592F64212E631600690410 /* MJRefreshStateHeader.m */,
				74592F65212E631600690410 /* MJRefreshGifHeader.m */,
			);
			path = Header;
			sourceTree = "<group>";
		};
		74592F66212E631600690410 /* Base */ = {
			isa = PBXGroup;
			children = (
				74592F67212E631600690410 /* MJRefreshFooter.m */,
				74592F68212E631600690410 /* MJRefreshComponent.h */,
				74592F69212E631600690410 /* MJRefreshHeader.m */,
				74592F6A212E631600690410 /* MJRefreshAutoFooter.h */,
				74592F6B212E631600690410 /* MJRefreshBackFooter.m */,
				74592F6C212E631600690410 /* MJRefreshAutoFooter.m */,
				74592F6D212E631600690410 /* MJRefreshHeader.h */,
				74592F6E212E631600690410 /* MJRefreshComponent.m */,
				74592F6F212E631600690410 /* MJRefreshFooter.h */,
				74592F70212E631600690410 /* MJRefreshBackFooter.h */,
			);
			path = Base;
			sourceTree = "<group>";
		};
		748CCFCF221652EE003418B9 /* JPFPSStatus */ = {
			isa = PBXGroup;
			children = (
				748CCFD0221652EF003418B9 /* JPFPSStatus.h */,
				748CCFD1221652EF003418B9 /* JPFPSStatus.m */,
			);
			path = JPFPSStatus;
			sourceTree = "<group>";
		};
		74C3284C213271A100580CD0 /* Toast */ = {
			isa = PBXGroup;
			children = (
				74C3284D213271A100580CD0 /* UIView+Toast.h */,
				74C3284E213271A100580CD0 /* UIView+Toast.m */,
			);
			path = Toast;
			sourceTree = "<group>";
		};
		74F9B629212A77B5007D3BBA = {
			isa = PBXGroup;
			children = (
				74F9B634212A77B5007D3BBA /* ZXBaseTableViewDemo */,
				74F9B64D212A77B6007D3BBA /* ZXBaseTableViewDemoTests */,
				74F9B658212A77B7007D3BBA /* ZXBaseTableViewDemoUITests */,
				74F9B633212A77B5007D3BBA /* Products */,
			);
			sourceTree = "<group>";
		};
		74F9B633212A77B5007D3BBA /* Products */ = {
			isa = PBXGroup;
			children = (
				74F9B632212A77B5007D3BBA /* ZXBaseTableViewDemo.app */,
				74F9B64A212A77B6007D3BBA /* ZXBaseTableViewDemoTests.xctest */,
				74F9B655212A77B6007D3BBA /* ZXBaseTableViewDemoUITests.xctest */,
			);
			name = Products;
			sourceTree = "<group>";
		};
		74F9B634212A77B5007D3BBA /* ZXBaseTableViewDemo */ = {
			isa = PBXGroup;
			children = (
				74F9B667212A7A13007D3BBA /* ZXBaseTableView */,
				74F9B687212BC95B007D3BBA /* Test */,
				74C3284C213271A100580CD0 /* Toast */,
				74592F40212E631600690410 /* MJRefresh */,
				748CCFCF221652EE003418B9 /* JPFPSStatus */,
				74F9B635212A77B5007D3BBA /* AppDelegate.h */,
				74F9B636212A77B5007D3BBA /* AppDelegate.m */,
				74F9B63B212A77B5007D3BBA /* Main.storyboard */,
				74EFD229212D396E00D689B2 /* PrefixHeader.pch */,
				74F9B63E212A77B5007D3BBA /* Assets.xcassets */,
				74F9B640212A77B5007D3BBA /* LaunchScreen.storyboard */,
				74F9B643212A77B5007D3BBA /* Info.plist */,
				74F9B644212A77B5007D3BBA /* main.m */,
			);
			path = ZXBaseTableViewDemo;
			sourceTree = "<group>";
		};
		74F9B64D212A77B6007D3BBA /* ZXBaseTableViewDemoTests */ = {
			isa = PBXGroup;
			children = (
				74F9B64E212A77B6007D3BBA /* ZXBaseTableViewDemoTests.m */,
				74F9B650212A77B6007D3BBA /* Info.plist */,
			);
			path = ZXBaseTableViewDemoTests;
			sourceTree = "<group>";
		};
		74F9B658212A77B7007D3BBA /* ZXBaseTableViewDemoUITests */ = {
			isa = PBXGroup;
			children = (
				74F9B659212A77B7007D3BBA /* ZXBaseTableViewDemoUITests.m */,
				74F9B65B212A77B7007D3BBA /* Info.plist */,
			);
			path = ZXBaseTableViewDemoUITests;
			sourceTree = "<group>";
		};
		74F9B667212A7A13007D3BBA /* ZXBaseTableView */ = {
			isa = PBXGroup;
			children = (
				74F9B668212A7A13007D3BBA /* Category */,
				74F9B669212A8167007D3BBA /* ZXBaseTableView.h */,
				74F9B66A212A8167007D3BBA /* ZXBaseTableView.m */,
				74EFD225212D394B00D689B2 /* ZXBaseCell.h */,
				74EFD223212D394B00D689B2 /* ZXBaseCell.m */,
				748CCFCC22164FC5003418B9 /* ZXBaseGlobalData.h */,
				748CCFCD22164FC5003418B9 /* ZXBaseGlobalData.m */,
				74EFD226212D394B00D689B2 /* ZXBaseTableViewPrefixHeader.pch */,
				74F9B686212B27B5007D3BBA /* ZXBaseTableViewConfig.h */,
			);
			path = ZXBaseTableView;
			sourceTree = "<group>";
		};
		74F9B668212A7A13007D3BBA /* Category */ = {
			isa = PBXGroup;
			children = (
				74F9B66F212A8FBF007D3BBA /* UIViewController+TableView.h */,
				74F9B670212A8FBF007D3BBA /* UIViewController+TableView.m */,
				74F9B683212B1978007D3BBA /* NSObject+SafeSetValue.h */,
				74F9B684212B1978007D3BBA /* NSObject+SafeSetValue.m */,
				74592F88212EB25100690410 /* NSObject+ZXKVO.h */,
				74592F89212EB25200690410 /* NSObject+ZXKVO.m */,
				74592F8E213001BF00690410 /* UIView+GetCurrentVC.h */,
				74592F8F213001BF00690410 /* UIView+GetCurrentVC.m */,
				74486AA92134516C002105BA /* NSObject+Property.h */,
				74486AAA2134516C002105BA /* NSObject+Property.m */,
			);
			path = Category;
			sourceTree = "<group>";
		};
		74F9B687212BC95B007D3BBA /* Test */ = {
			isa = PBXGroup;
			children = (
				74F9B638212A77B5007D3BBA /* ViewController.h */,
				74F9B639212A77B5007D3BBA /* ViewController.m */,
				74F9B675212AF4DE007D3BBA /* XibTestCell.h */,
				74F9B676212AF4DE007D3BBA /* XibTestCell.m */,
				74F9B677212AF4DE007D3BBA /* XibTestCell.xib */,
				74F9B67A212AF64C007D3BBA /* CustomTestCell.h */,
				74F9B67B212AF64C007D3BBA /* CustomTestCell.m */,
				74F9B67D212AFAC0007D3BBA /* TestModel.h */,
				74F9B67E212AFAC0007D3BBA /* TestModel.m */,
				744215F22137B2F60037AA19 /* TestHeaderView.h */,
				744215F32137B2F60037AA19 /* TestHeaderView.m */,
				744215F52137B30F0037AA19 /* TestHeaderView.xib */,
			);
			path = Test;
			sourceTree = "<group>";
		};
/* End PBXGroup section */

/* Begin PBXNativeTarget section */
		74F9B631212A77B5007D3BBA /* ZXBaseTableViewDemo */ = {
			isa = PBXNativeTarget;
			buildConfigurationList = 74F9B65E212A77B7007D3BBA /* Build configuration list for PBXNativeTarget "ZXBaseTableViewDemo" */;
			buildPhases = (
				74F9B62E212A77B5007D3BBA /* Sources */,
				74F9B62F212A77B5007D3BBA /* Frameworks */,
				74F9B630212A77B5007D3BBA /* Resources */,
			);
			buildRules = (
			);
			dependencies = (
			);
			name = ZXBaseTableViewDemo;
			productName = ZXBaseTableViewDemo;
			productReference = 74F9B632212A77B5007D3BBA /* ZXBaseTableViewDemo.app */;
			productType = "com.apple.product-type.application";
		};
		74F9B649212A77B6007D3BBA /* ZXBaseTableViewDemoTests */ = {
			isa = PBXNativeTarget;
			buildConfigurationList = 74F9B661212A77B7007D3BBA /* Build configuration list for PBXNativeTarget "ZXBaseTableViewDemoTests" */;
			buildPhases = (
				74F9B646212A77B6007D3BBA /* Sources */,
				74F9B647212A77B6007D3BBA /* Frameworks */,
				74F9B648212A77B6007D3BBA /* Resources */,
			);
			buildRules = (
			);
			dependencies = (
				74F9B64C212A77B6007D3BBA /* PBXTargetDependency */,
			);
			name = ZXBaseTableViewDemoTests;
			productName = ZXBaseTableViewDemoTests;
			productReference = 74F9B64A212A77B6007D3BBA /* ZXBaseTableViewDemoTests.xctest */;
			productType = "com.apple.product-type.bundle.unit-test";
		};
		74F9B654212A77B6007D3BBA /* ZXBaseTableViewDemoUITests */ = {
			isa = PBXNativeTarget;
			buildConfigurationList = 74F9B664212A77B7007D3BBA /* Build configuration list for PBXNativeTarget "ZXBaseTableViewDemoUITests" */;
			buildPhases = (
				74F9B651212A77B6007D3BBA /* Sources */,
				74F9B652212A77B6007D3BBA /* Frameworks */,
				74F9B653212A77B6007D3BBA /* Resources */,
			);
			buildRules = (
			);
			dependencies = (
				74F9B657212A77B7007D3BBA /* PBXTargetDependency */,
			);
			name = ZXBaseTableViewDemoUITests;
			productName = ZXBaseTableViewDemoUITests;
			productReference = 74F9B655212A77B6007D3BBA /* ZXBaseTableViewDemoUITests.xctest */;
			productType = "com.apple.product-type.bundle.ui-testing";
		};
/* End PBXNativeTarget section */

/* Begin PBXProject section */
		74F9B62A212A77B5007D3BBA /* Project object */ = {
			isa = PBXProject;
			attributes = {
				LastUpgradeCheck = 0920;
				ORGANIZATIONNAME = "李兆祥";
				TargetAttributes = {
					74F9B631212A77B5007D3BBA = {
						CreatedOnToolsVersion = 9.2;
						ProvisioningStyle = Automatic;
					};
					74F9B649212A77B6007D3BBA = {
						CreatedOnToolsVersion = 9.2;
						ProvisioningStyle = Automatic;
						TestTargetID = 74F9B631212A77B5007D3BBA;
					};
					74F9B654212A77B6007D3BBA = {
						CreatedOnToolsVersion = 9.2;
						ProvisioningStyle = Automatic;
						TestTargetID = 74F9B631212A77B5007D3BBA;
					};
				};
			};
			buildConfigurationList = 74F9B62D212A77B5007D3BBA /* Build configuration list for PBXProject "ZXBaseTableViewDemo" */;
			compatibilityVersion = "Xcode 8.0";
			developmentRegion = en;
			hasScannedForEncodings = 0;
			knownRegions = (
				en,
				Base,
			);
			mainGroup = 74F9B629212A77B5007D3BBA;
			productRefGroup = 74F9B633212A77B5007D3BBA /* Products */;
			projectDirPath = "";
			projectRoot = "";
			targets = (
				74F9B631212A77B5007D3BBA /* ZXBaseTableViewDemo */,
				74F9B649212A77B6007D3BBA /* ZXBaseTableViewDemoTests */,
				74F9B654212A77B6007D3BBA /* ZXBaseTableViewDemoUITests */,
			);
		};
/* End PBXProject section */

/* Begin PBXResourcesBuildPhase section */
		74F9B630212A77B5007D3BBA /* Resources */ = {
			isa = PBXResourcesBuildPhase;
			buildActionMask = 2147483647;
			files = (
				74F9B642212A77B5007D3BBA /* LaunchScreen.storyboard in Resources */,
				74F9B63F212A77B5007D3BBA /* Assets.xcassets in Resources */,
				74592F75212E631600690410 /* MJRefresh.bundle in Resources */,
				74592F87212E631600690410 /* README.md in Resources */,
				74F9B63D212A77B5007D3BBA /* Main.storyboard in Resources */,
				74F9B679212AF4DE007D3BBA /* XibTestCell.xib in Resources */,
				74592F72212E631600690410 /* LICENSE in Resources */,
				744215F62137B30F0037AA19 /* TestHeaderView.xib in Resources */,
			);
			runOnlyForDeploymentPostprocessing = 0;
		};
		74F9B648212A77B6007D3BBA /* Resources */ = {
			isa = PBXResourcesBuildPhase;
			buildActionMask = 2147483647;
			files = (
			);
			runOnlyForDeploymentPostprocessing = 0;
		};
		74F9B653212A77B6007D3BBA /* Resources */ = {
			isa = PBXResourcesBuildPhase;
			buildActionMask = 2147483647;
			files = (
			);
			runOnlyForDeploymentPostprocessing = 0;
		};
/* End PBXResourcesBuildPhase section */

/* Begin PBXSourcesBuildPhase section */
		74F9B62E212A77B5007D3BBA /* Sources */ = {
			isa = PBXSourcesBuildPhase;
			buildActionMask = 2147483647;
			files = (
				74592F74212E631600690410 /* MJRefreshConst.m in Sources */,
				74592F80212E631600690410 /* MJRefreshStateHeader.m in Sources */,
				74592F86212E631600690410 /* MJRefreshComponent.m in Sources */,
				74592F7D212E631600690410 /* MJRefreshAutoGifFooter.m in Sources */,
				74592F85212E631600690410 /* MJRefreshAutoFooter.m in Sources */,
				74592F79212E631600690410 /* MJRefreshBackGifFooter.m in Sources */,
				74486AAB2134516D002105BA /* NSObject+Property.m in Sources */,
				74592F7B212E631600690410 /* MJRefreshBackNormalFooter.m in Sources */,
				74F9B67F212AFAC0007D3BBA /* TestModel.m in Sources */,
				74592F76212E631600690410 /* UIScrollView+MJExtension.m in Sources */,
				74F9B66B212A8167007D3BBA /* ZXBaseTableView.m in Sources */,
				74592F81212E631600690410 /* MJRefreshGifHeader.m in Sources */,
				744215F42137B2F60037AA19 /* TestHeaderView.m in Sources */,
				74592F7F212E631600690410 /* MJRefreshNormalHeader.m in Sources */,
				74F9B67C212AF64C007D3BBA /* CustomTestCell.m in Sources */,
				74F9B63A212A77B5007D3BBA /* ViewController.m in Sources */,
				74592F83212E631600690410 /* MJRefreshHeader.m in Sources */,
				74592F90213001BF00690410 /* UIView+GetCurrentVC.m in Sources */,
				74592F8A212EB25200690410 /* NSObject+ZXKVO.m in Sources */,
				74592F84212E631600690410 /* MJRefreshBackFooter.m in Sources */,
				74592F7A212E631600690410 /* MJRefreshBackStateFooter.m in Sources */,
				74592F7E212E631600690410 /* MJRefreshAutoNormalFooter.m in Sources */,
				748CCFD2221652EF003418B9 /* JPFPSStatus.m in Sources */,
				74592F78212E631600690410 /* UIView+MJExtension.m in Sources */,
				74F9B678212AF4DE007D3BBA /* XibTestCell.m in Sources */,
				748CCFCE22164FC5003418B9 /* ZXBaseGlobalData.m in Sources */,
				74592F7C212E631600690410 /* MJRefreshAutoStateFooter.m in Sources */,
				74F9B645212A77B5007D3BBA /* main.m in Sources */,
				74F9B685212B1978007D3BBA /* NSObject+SafeSetValue.m in Sources */,
				74592F73212E631600690410 /* UIScrollView+MJRefresh.m in Sources */,
				74C3284F213271A100580CD0 /* UIView+Toast.m in Sources */,
				74592F82212E631600690410 /* MJRefreshFooter.m in Sources */,
				74EFD228212D394B00D689B2 /* ZXBaseCell.m in Sources */,
				74F9B671212A8FBF007D3BBA /* UIViewController+TableView.m in Sources */,
				74592F77212E631600690410 /* NSBundle+MJRefresh.m in Sources */,
				74F9B637212A77B5007D3BBA /* AppDelegate.m in Sources */,
			);
			runOnlyForDeploymentPostprocessing = 0;
		};
		74F9B646212A77B6007D3BBA /* Sources */ = {
			isa = PBXSourcesBuildPhase;
			buildActionMask = 2147483647;
			files = (
				74F9B64F212A77B6007D3BBA /* ZXBaseTableViewDemoTests.m in Sources */,
			);
			runOnlyForDeploymentPostprocessing = 0;
		};
		74F9B651212A77B6007D3BBA /* Sources */ = {
			isa = PBXSourcesBuildPhase;
			buildActionMask = 2147483647;
			files = (
				74F9B65A212A77B7007D3BBA /* ZXBaseTableViewDemoUITests.m in Sources */,
			);
			runOnlyForDeploymentPostprocessing = 0;
		};
/* End PBXSourcesBuildPhase section */

/* Begin PBXTargetDependency section */
		74F9B64C212A77B6007D3BBA /* PBXTargetDependency */ = {
			isa = PBXTargetDependency;
			target = 74F9B631212A77B5007D3BBA /* ZXBaseTableViewDemo */;
			targetProxy = 74F9B64B212A77B6007D3BBA /* PBXContainerItemProxy */;
		};
		74F9B657212A77B7007D3BBA /* PBXTargetDependency */ = {
			isa = PBXTargetDependency;
			target = 74F9B631212A77B5007D3BBA /* ZXBaseTableViewDemo */;
			targetProxy = 74F9B656212A77B7007D3BBA /* PBXContainerItemProxy */;
		};
/* End PBXTargetDependency section */

/* Begin PBXVariantGroup section */
		74F9B63B212A77B5007D3BBA /* Main.storyboard */ = {
			isa = PBXVariantGroup;
			children = (
				74F9B63C212A77B5007D3BBA /* Base */,
			);
			name = Main.storyboard;
			sourceTree = "<group>";
		};
		74F9B640212A77B5007D3BBA /* LaunchScreen.storyboard */ = {
			isa = PBXVariantGroup;
			children = (
				74F9B641212A77B5007D3BBA /* Base */,
			);
			name = LaunchScreen.storyboard;
			sourceTree = "<group>";
		};
/* End PBXVariantGroup section */

/* Begin XCBuildConfiguration section */
		74F9B65C212A77B7007D3BBA /* Debug */ = {
			isa = XCBuildConfiguration;
			buildSettings = {
				ALWAYS_SEARCH_USER_PATHS = NO;
				CLANG_ANALYZER_NONNULL = YES;
				CLANG_ANALYZER_NUMBER_OBJECT_CONVERSION = YES_AGGRESSIVE;
				CLANG_CXX_LANGUAGE_STANDARD = "gnu++14";
				CLANG_CXX_LIBRARY = "libc++";
				CLANG_ENABLE_MODULES = YES;
				CLANG_ENABLE_OBJC_ARC = YES;
				CLANG_WARN_BLOCK_CAPTURE_AUTORELEASING = YES;
				CLANG_WARN_BOOL_CONVERSION = YES;
				CLANG_WARN_COMMA = YES;
				CLANG_WARN_CONSTANT_CONVERSION = YES;
				CLANG_WARN_DIRECT_OBJC_ISA_USAGE = YES_ERROR;
				CLANG_WARN_DOCUMENTATION_COMMENTS = YES;
				CLANG_WARN_EMPTY_BODY = YES;
				CLANG_WARN_ENUM_CONVERSION = YES;
				CLANG_WARN_INFINITE_RECURSION = YES;
				CLANG_WARN_INT_CONVERSION = YES;
				CLANG_WARN_NON_LITERAL_NULL_CONVERSION = YES;
				CLANG_WARN_OBJC_LITERAL_CONVERSION = YES;
				CLANG_WARN_OBJC_ROOT_CLASS = YES_ERROR;
				CLANG_WARN_RANGE_LOOP_ANALYSIS = YES;
				CLANG_WARN_STRICT_PROTOTYPES = YES;
				CLANG_WARN_SUSPICIOUS_MOVE = YES;
				CLANG_WARN_UNGUARDED_AVAILABILITY = YES_AGGRESSIVE;
				CLANG_WARN_UNREACHABLE_CODE = YES;
				CLANG_WARN__DUPLICATE_METHOD_MATCH = YES;
				CODE_SIGN_IDENTITY = "iPhone Developer";
				COPY_PHASE_STRIP = NO;
				DEBUG_INFORMATION_FORMAT = dwarf;
				ENABLE_STRICT_OBJC_MSGSEND = YES;
				ENABLE_TESTABILITY = YES;
				GCC_C_LANGUAGE_STANDARD = gnu11;
				GCC_DYNAMIC_NO_PIC = NO;
				GCC_NO_COMMON_BLOCKS = YES;
				GCC_OPTIMIZATION_LEVEL = 0;
				GCC_PREPROCESSOR_DEFINITIONS = (
					"DEBUG=1",
					"$(inherited)",
				);
				GCC_WARN_64_TO_32_BIT_CONVERSION = YES;
				GCC_WARN_ABOUT_RETURN_TYPE = YES_ERROR;
				GCC_WARN_UNDECLARED_SELECTOR = YES;
				GCC_WARN_UNINITIALIZED_AUTOS = YES_AGGRESSIVE;
				GCC_WARN_UNUSED_FUNCTION = YES;
				GCC_WARN_UNUSED_VARIABLE = YES;
				IPHONEOS_DEPLOYMENT_TARGET = 8.0;
				MTL_ENABLE_DEBUG_INFO = YES;
				ONLY_ACTIVE_ARCH = YES;
				SDKROOT = iphoneos;
			};
			name = Debug;
		};
		74F9B65D212A77B7007D3BBA /* Release */ = {
			isa = XCBuildConfiguration;
			buildSettings = {
				ALWAYS_SEARCH_USER_PATHS = NO;
				CLANG_ANALYZER_NONNULL = YES;
				CLANG_ANALYZER_NUMBER_OBJECT_CONVERSION = YES_AGGRESSIVE;
				CLANG_CXX_LANGUAGE_STANDARD = "gnu++14";
				CLANG_CXX_LIBRARY = "libc++";
				CLANG_ENABLE_MODULES = YES;
				CLANG_ENABLE_OBJC_ARC = YES;
				CLANG_WARN_BLOCK_CAPTURE_AUTORELEASING = YES;
				CLANG_WARN_BOOL_CONVERSION = YES;
				CLANG_WARN_COMMA = YES;
				CLANG_WARN_CONSTANT_CONVERSION = YES;
				CLANG_WARN_DIRECT_OBJC_ISA_USAGE = YES_ERROR;
				CLANG_WARN_DOCUMENTATION_COMMENTS = YES;
				CLANG_WARN_EMPTY_BODY = YES;
				CLANG_WARN_ENUM_CONVERSION = YES;
				CLANG_WARN_INFINITE_RECURSION = YES;
				CLANG_WARN_INT_CONVERSION = YES;
				CLANG_WARN_NON_LITERAL_NULL_CONVERSION = YES;
				CLANG_WARN_OBJC_LITERAL_CONVERSION = YES;
				CLANG_WARN_OBJC_ROOT_CLASS = YES_ERROR;
				CLANG_WARN_RANGE_LOOP_ANALYSIS = YES;
				CLANG_WARN_STRICT_PROTOTYPES = YES;
				CLANG_WARN_SUSPICIOUS_MOVE = YES;
				CLANG_WARN_UNGUARDED_AVAILABILITY = YES_AGGRESSIVE;
				CLANG_WARN_UNREACHABLE_CODE = YES;
				CLANG_WARN__DUPLICATE_METHOD_MATCH = YES;
				CODE_SIGN_IDENTITY = "iPhone Developer";
				COPY_PHASE_STRIP = NO;
				DEBUG_INFORMATION_FORMAT = "dwarf-with-dsym";
				ENABLE_NS_ASSERTIONS = NO;
				ENABLE_STRICT_OBJC_MSGSEND = YES;
				GCC_C_LANGUAGE_STANDARD = gnu11;
				GCC_NO_COMMON_BLOCKS = YES;
				GCC_WARN_64_TO_32_BIT_CONVERSION = YES;
				GCC_WARN_ABOUT_RETURN_TYPE = YES_ERROR;
				GCC_WARN_UNDECLARED_SELECTOR = YES;
				GCC_WARN_UNINITIALIZED_AUTOS = YES_AGGRESSIVE;
				GCC_WARN_UNUSED_FUNCTION = YES;
				GCC_WARN_UNUSED_VARIABLE = YES;
				IPHONEOS_DEPLOYMENT_TARGET = 8.0;
				MTL_ENABLE_DEBUG_INFO = NO;
				SDKROOT = iphoneos;
				VALIDATE_PRODUCT = YES;
			};
			name = Release;
		};
		74F9B65F212A77B7007D3BBA /* Debug */ = {
			isa = XCBuildConfiguration;
			buildSettings = {
				ASSETCATALOG_COMPILER_APPICON_NAME = AppIcon;
				CODE_SIGN_STYLE = Automatic;
				DEVELOPMENT_TEAM = 4Y2YPWFYNQ;
				GCC_PRECOMPILE_PREFIX_HEADER = YES;
				GCC_PREFIX_HEADER = "$(SRCROOT)//ZXBaseTableViewDemo/PrefixHeader.pch";
				INFOPLIST_FILE = ZXBaseTableViewDemo/Info.plist;
				IPHONEOS_DEPLOYMENT_TARGET = 8.0;
				LD_RUNPATH_SEARCH_PATHS = "$(inherited) @executable_path/Frameworks";
				PRODUCT_BUNDLE_IDENTIFIER = zxlee.cn.ZXBaseTableViewDemo;
				PRODUCT_NAME = "$(TARGET_NAME)";
				TARGETED_DEVICE_FAMILY = "1,2";
			};
			name = Debug;
		};
		74F9B660212A77B7007D3BBA /* Release */ = {
			isa = XCBuildConfiguration;
			buildSettings = {
				ASSETCATALOG_COMPILER_APPICON_NAME = AppIcon;
				CODE_SIGN_STYLE = Automatic;
				DEVELOPMENT_TEAM = 4Y2YPWFYNQ;
				GCC_PRECOMPILE_PREFIX_HEADER = YES;
				GCC_PREFIX_HEADER = "$(SRCROOT)//ZXBaseTableViewDemo/PrefixHeader.pch";
				INFOPLIST_FILE = ZXBaseTableViewDemo/Info.plist;
				IPHONEOS_DEPLOYMENT_TARGET = 8.0;
				LD_RUNPATH_SEARCH_PATHS = "$(inherited) @executable_path/Frameworks";
				PRODUCT_BUNDLE_IDENTIFIER = zxlee.cn.ZXBaseTableViewDemo;
				PRODUCT_NAME = "$(TARGET_NAME)";
				TARGETED_DEVICE_FAMILY = "1,2";
			};
			name = Release;
		};
		74F9B662212A77B7007D3BBA /* Debug */ = {
			isa = XCBuildConfiguration;
			buildSettings = {
				BUNDLE_LOADER = "$(TEST_HOST)";
				CODE_SIGN_STYLE = Automatic;
				DEVELOPMENT_TEAM = 4Y2YPWFYNQ;
				INFOPLIST_FILE = ZXBaseTableViewDemoTests/Info.plist;
				LD_RUNPATH_SEARCH_PATHS = "$(inherited) @executable_path/Frameworks @loader_path/Frameworks";
				PRODUCT_BUNDLE_IDENTIFIER = zxlee.cn.ZXBaseTableViewDemoTests;
				PRODUCT_NAME = "$(TARGET_NAME)";
				TARGETED_DEVICE_FAMILY = "1,2";
				TEST_HOST = "$(BUILT_PRODUCTS_DIR)/ZXBaseTableViewDemo.app/ZXBaseTableViewDemo";
			};
			name = Debug;
		};
		74F9B663212A77B7007D3BBA /* Release */ = {
			isa = XCBuildConfiguration;
			buildSettings = {
				BUNDLE_LOADER = "$(TEST_HOST)";
				CODE_SIGN_STYLE = Automatic;
				DEVELOPMENT_TEAM = 4Y2YPWFYNQ;
				INFOPLIST_FILE = ZXBaseTableViewDemoTests/Info.plist;
				LD_RUNPATH_SEARCH_PATHS = "$(inherited) @executable_path/Frameworks @loader_path/Frameworks";
				PRODUCT_BUNDLE_IDENTIFIER = zxlee.cn.ZXBaseTableViewDemoTests;
				PRODUCT_NAME = "$(TARGET_NAME)";
				TARGETED_DEVICE_FAMILY = "1,2";
				TEST_HOST = "$(BUILT_PRODUCTS_DIR)/ZXBaseTableViewDemo.app/ZXBaseTableViewDemo";
			};
			name = Release;
		};
		74F9B665212A77B7007D3BBA /* Debug */ = {
			isa = XCBuildConfiguration;
			buildSettings = {
				CODE_SIGN_STYLE = Automatic;
				DEVELOPMENT_TEAM = 4Y2YPWFYNQ;
				INFOPLIST_FILE = ZXBaseTableViewDemoUITests/Info.plist;
				LD_RUNPATH_SEARCH_PATHS = "$(inherited) @executable_path/Frameworks @loader_path/Frameworks";
				PRODUCT_BUNDLE_IDENTIFIER = zxlee.cn.ZXBaseTableViewDemoUITests;
				PRODUCT_NAME = "$(TARGET_NAME)";
				TARGETED_DEVICE_FAMILY = "1,2";
				TEST_TARGET_NAME = ZXBaseTableViewDemo;
			};
			name = Debug;
		};
		74F9B666212A77B7007D3BBA /* Release */ = {
			isa = XCBuildConfiguration;
			buildSettings = {
				CODE_SIGN_STYLE = Automatic;
				DEVELOPMENT_TEAM = 4Y2YPWFYNQ;
				INFOPLIST_FILE = ZXBaseTableViewDemoUITests/Info.plist;
				LD_RUNPATH_SEARCH_PATHS = "$(inherited) @executable_path/Frameworks @loader_path/Frameworks";
				PRODUCT_BUNDLE_IDENTIFIER = zxlee.cn.ZXBaseTableViewDemoUITests;
				PRODUCT_NAME = "$(TARGET_NAME)";
				TARGETED_DEVICE_FAMILY = "1,2";
				TEST_TARGET_NAME = ZXBaseTableViewDemo;
			};
			name = Release;
		};
/* End XCBuildConfiguration section */

/* Begin XCConfigurationList section */
		74F9B62D212A77B5007D3BBA /* Build configuration list for PBXProject "ZXBaseTableViewDemo" */ = {
			isa = XCConfigurationList;
			buildConfigurations = (
				74F9B65C212A77B7007D3BBA /* Debug */,
				74F9B65D212A77B7007D3BBA /* Release */,
			);
			defaultConfigurationIsVisible = 0;
			defaultConfigurationName = Release;
		};
		74F9B65E212A77B7007D3BBA /* Build configuration list for PBXNativeTarget "ZXBaseTableViewDemo" */ = {
			isa = XCConfigurationList;
			buildConfigurations = (
				74F9B65F212A77B7007D3BBA /* Debug */,
				74F9B660212A77B7007D3BBA /* Release */,
			);
			defaultConfigurationIsVisible = 0;
			defaultConfigurationName = Release;
		};
		74F9B661212A77B7007D3BBA /* Build configuration list for PBXNativeTarget "ZXBaseTableViewDemoTests" */ = {
			isa = XCConfigurationList;
			buildConfigurations = (
				74F9B662212A77B7007D3BBA /* Debug */,
				74F9B663212A77B7007D3BBA /* Release */,
			);
			defaultConfigurationIsVisible = 0;
			defaultConfigurationName = Release;
		};
		74F9B664212A77B7007D3BBA /* Build configuration list for PBXNativeTarget "ZXBaseTableViewDemoUITests" */ = {
			isa = XCConfigurationList;
			buildConfigurations = (
				74F9B665212A77B7007D3BBA /* Debug */,
				74F9B666212A77B7007D3BBA /* Release */,
			);
			defaultConfigurationIsVisible = 0;
			defaultConfigurationName = Release;
		};
/* End XCConfigurationList section */
	};
	rootObject = 74F9B62A212A77B5007D3BBA /* Project object */;
}
